
Microsoft Visual Studio Solution File, Format Version 12.00
# Visual Studio Version 16
VisualStudioVersion = 16.0.29806.167
MinimumVisualStudioVersion = 10.0.40219.1
Project("{2150E333-8FDC-42A3-9474-1A3956D46DE8}") = "Application", "Application", "{91C92444-17F9-427B-B951-B518CD615470}"
EndProject
Project("{2150E333-8FDC-42A3-9474-1A3956D46DE8}") = "Domain", "Domain", "{EA4519AD-3CA5-4FC7-9420-3550938B25A1}"
EndProject
Project("{2150E333-8FDC-42A3-9474-1A3956D46DE8}") = "Infra", "Infra", "{5751E8BD-6E0F-4A11-B395-A4A4BD3D5A80}"
EndProject
Project("{2150E333-8FDC-42A3-9474-1A3956D46DE8}") = "Presentation", "Presentation", "{1EB156D1-F5E0-4A52-94F4-E0131AD3AD2D}"
EndProject
Project("{2150E333-8FDC-42A3-9474-1A3956D46DE8}") = "Services", "Services", "{1D960C28-7901-4CD7-8A7F-41905731EE23}"
EndProject
Project("{2150E333-8FDC-42A3-9474-1A3956D46DE8}") = "CrossCutting", "CrossCutting", "{FE40C556-AFED-4920-99CA-914EB79D987C}"
EndProject
Project("{2150E333-8FDC-42A3-9474-1A3956D46DE8}") = "Data", "Data", "{F70B8D69-E0E1-49C3-9B24-657CB4137BC6}"
EndProject
Project("{2150E333-8FDC-42A3-9474-1A3956D46DE8}") = "Security", "Security", "{BD72C987-F825-4E67-A689-AB91FAF1572A}"
EndProject
Project("{FAE04EC0-301F-11D3-BF4B-00C04F79EFBC}") = "RumosCRE.Application", "RumosCRE.Application\RumosCRE.Application.csproj", "{98B8BD3D-621E-466B-AAEF-904C6FBCBD93}"
EndProject
Project("{FAE04EC0-301F-11D3-BF4B-00C04F79EFBC}") = "RumosCRE.Domain", "RumosCRE.Domain\RumosCRE.Domain.csproj", "{E2131B3B-079F-4C28-8553-FD6F5602F4B6}"
EndProject
Project("{FAE04EC0-301F-11D3-BF4B-00C04F79EFBC}") = "RumosCRE.Domain.Core", "RumosCRE.Domain.Core\RumosCRE.Domain.Core.csproj", "{31326828-DE68-4842-9E4C-BB8E818F46C0}"
EndProject
Project("{FAE04EC0-301F-11D3-BF4B-00C04F79EFBC}") = "RumosCRE.Infra.Bus", "RumosCRE.Infra.Bus\RumosCRE.Infra.Bus.csproj", "{F0C0D264-A684-4947-A7D2-474C9B1C3040}"
EndProject
Project("{FAE04EC0-301F-11D3-BF4B-00C04F79EFBC}") = "RumosCRE.Infra.IoC", "RumosCRE.Infra.IoC\RumosCRE.Infra.IoC.csproj", "{EA010546-132A-4876-8703-8E0612156EEC}"
EndProject
Project("{FAE04EC0-301F-11D3-BF4B-00C04F79EFBC}") = "RumosCRE.Infra.Data", "RumosCRE.Infra.Data\RumosCRE.Infra.Data.csproj", "{AC4B13AF-48FE-4330-97F5-25DA5063B727}"
EndProject
Project("{FAE04EC0-301F-11D3-BF4B-00C04F79EFBC}") = "RumosCRE.Infra.EventSourceData", "RumosCRE.Infra.EventSourceData\RumosCRE.Infra.EventSourceData.csproj", "{EFFC447B-F170-4419-9872-30834F05F43C}"
EndProject
Project("{FAE04EC0-301F-11D3-BF4B-00C04F79EFBC}") = "RumosCRE.Infra.Security", "RumosCRE.Infra.Security\RumosCRE.Infra.Security.csproj", "{61CEC6C4-F8C2-4B6C-B2CC-47D7E49DE5A1}"
EndProject
Project("{FAE04EC0-301F-11D3-BF4B-00C04F79EFBC}") = "RumosCRE.Presentation.MVC", "RumosCRE.Presentation.MVC\RumosCRE.Presentation.MVC.csproj", "{21337210-E291-47B4-A62F-32C6CD060C51}"
EndProject
Project("{FAE04EC0-301F-11D3-BF4B-00C04F79EFBC}") = "RumosCRE.Services.API", "RumosCRE.Services.API\RumosCRE.Services.API.csproj", "{1CA49967-D6DE-48DD-AD66-ACAE4D8AC53D}"
EndProject
Global
	GlobalSection(SolutionConfigurationPlatforms) = preSolution
		Debug|Any CPU = Debug|Any CPU
		Release|Any CPU = Release|Any CPU
	EndGlobalSection
	GlobalSection(ProjectConfigurationPlatforms) = postSolution
		{98B8BD3D-621E-466B-AAEF-904C6FBCBD93}.Debug|Any CPU.ActiveCfg = Debug|Any CPU
		{98B8BD3D-621E-466B-AAEF-904C6FBCBD93}.Debug|Any CPU.Build.0 = Debug|Any CPU
		{98B8BD3D-621E-466B-AAEF-904C6FBCBD93}.Release|Any CPU.ActiveCfg = Release|Any CPU
		{98B8BD3D-621E-466B-AAEF-904C6FBCBD93}.Release|Any CPU.Build.0 = Release|Any CPU
		{E2131B3B-079F-4C28-8553-FD6F5602F4B6}.Debug|Any CPU.ActiveCfg = Debug|Any CPU
		{E2131B3B-079F-4C28-8553-FD6F5602F4B6}.Debug|Any CPU.Build.0 = Debug|Any CPU
		{E2131B3B-079F-4C28-8553-FD6F5602F4B6}.Release|Any CPU.ActiveCfg = Release|Any CPU
		{E2131B3B-079F-4C28-8553-FD6F5602F4B6}.Release|Any CPU.Build.0 = Release|Any CPU
		{31326828-DE68-4842-9E4C-BB8E818F46C0}.Debug|Any CPU.ActiveCfg = Debug|Any CPU
		{31326828-DE68-4842-9E4C-BB8E818F46C0}.Debug|Any CPU.Build.0 = Debug|Any CPU
		{31326828-DE68-4842-9E4C-BB8E818F46C0}.Release|Any CPU.ActiveCfg = Release|Any CPU
		{31326828-DE68-4842-9E4C-BB8E818F46C0}.Release|Any CPU.Build.0 = Release|Any CPU
		{F0C0D264-A684-4947-A7D2-474C9B1C3040}.Debug|Any CPU.ActiveCfg = Debug|Any CPU
		{F0C0D264-A684-4947-A7D2-474C9B1C3040}.Debug|Any CPU.Build.0 = Debug|Any CPU
		{F0C0D264-A684-4947-A7D2-474C9B1C3040}.Release|Any CPU.ActiveCfg = Release|Any CPU
		{F0C0D264-A684-4947-A7D2-474C9B1C3040}.Release|Any CPU.Build.0 = Release|Any CPU
		{EA010546-132A-4876-8703-8E0612156EEC}.Debug|Any CPU.ActiveCfg = Debug|Any CPU
		{EA010546-132A-4876-8703-8E0612156EEC}.Debug|Any CPU.Build.0 = Debug|Any CPU
		{EA010546-132A-4876-8703-8E0612156EEC}.Release|Any CPU.ActiveCfg = Release|Any CPU
		{EA010546-132A-4876-8703-8E0612156EEC}.Release|Any CPU.Build.0 = Release|Any CPU
		{AC4B13AF-48FE-4330-97F5-25DA5063B727}.Debug|Any CPU.ActiveCfg = Debug|Any CPU
		{AC4B13AF-48FE-4330-97F5-25DA5063B727}.Debug|Any CPU.Build.0 = Debug|Any CPU
		{AC4B13AF-48FE-4330-97F5-25DA5063B727}.Release|Any CPU.ActiveCfg = Release|Any CPU
		{AC4B13AF-48FE-4330-97F5-25DA5063B727}.Release|Any CPU.Build.0 = Release|Any CPU
		{EFFC447B-F170-4419-9872-30834F05F43C}.Debug|Any CPU.ActiveCfg = Debug|Any CPU
		{EFFC447B-F170-4419-9872-30834F05F43C}.Debug|Any CPU.Build.0 = Debug|Any CPU
		{EFFC447B-F170-4419-9872-30834F05F43C}.Release|Any CPU.ActiveCfg = Release|Any CPU
		{EFFC447B-F170-4419-9872-30834F05F43C}.Release|Any CPU.Build.0 = Release|Any CPU
		{61CEC6C4-F8C2-4B6C-B2CC-47D7E49DE5A1}.Debug|Any CPU.ActiveCfg = Debug|Any CPU
		{61CEC6C4-F8C2-4B6C-B2CC-47D7E49DE5A1}.Debug|Any CPU.Build.0 = Debug|Any CPU
		{61CEC6C4-F8C2-4B6C-B2CC-47D7E49DE5A1}.Release|Any CPU.ActiveCfg = Release|Any CPU
		{61CEC6C4-F8C2-4B6C-B2CC-47D7E49DE5A1}.Release|Any CPU.Build.0 = Release|Any CPU
		{21337210-E291-47B4-A62F-32C6CD060C51}.Debug|Any CPU.ActiveCfg = Debug|Any CPU
		{21337210-E291-47B4-A62F-32C6CD060C51}.Debug|Any CPU.Build.0 = Debug|Any CPU
		{21337210-E291-47B4-A62F-32C6CD060C51}.Release|Any CPU.ActiveCfg = Release|Any CPU
		{21337210-E291-47B4-A62F-32C6CD060C51}.Release|Any CPU.Build.0 = Release|Any CPU
		{1CA49967-D6DE-48DD-AD66-ACAE4D8AC53D}.Debug|Any CPU.ActiveCfg = Debug|Any CPU
		{1CA49967-D6DE-48DD-AD66-ACAE4D8AC53D}.Debug|Any CPU.Build.0 = Debug|Any CPU
		{1CA49967-D6DE-48DD-AD66-ACAE4D8AC53D}.Release|Any CPU.ActiveCfg = Release|Any CPU
		{1CA49967-D6DE-48DD-AD66-ACAE4D8AC53D}.Release|Any CPU.Build.0 = Release|Any CPU
	EndGlobalSection
	GlobalSection(SolutionProperties) = preSolution
		HideSolutionNode = FALSE
	EndGlobalSection
	GlobalSection(NestedProjects) = preSolution
		{FE40C556-AFED-4920-99CA-914EB79D987C} = {5751E8BD-6E0F-4A11-B395-A4A4BD3D5A80}
		{F70B8D69-E0E1-49C3-9B24-657CB4137BC6} = {5751E8BD-6E0F-4A11-B395-A4A4BD3D5A80}
		{BD72C987-F825-4E67-A689-AB91FAF1572A} = {5751E8BD-6E0F-4A11-B395-A4A4BD3D5A80}
		{98B8BD3D-621E-466B-AAEF-904C6FBCBD93} = {91C92444-17F9-427B-B951-B518CD615470}
		{E2131B3B-079F-4C28-8553-FD6F5602F4B6} = {EA4519AD-3CA5-4FC7-9420-3550938B25A1}
		{31326828-DE68-4842-9E4C-BB8E818F46C0} = {EA4519AD-3CA5-4FC7-9420-3550938B25A1}
		{F0C0D264-A684-4947-A7D2-474C9B1C3040} = {FE40C556-AFED-4920-99CA-914EB79D987C}
		{EA010546-132A-4876-8703-8E0612156EEC} = {FE40C556-AFED-4920-99CA-914EB79D987C}
		{AC4B13AF-48FE-4330-97F5-25DA5063B727} = {F70B8D69-E0E1-49C3-9B24-657CB4137BC6}
		{EFFC447B-F170-4419-9872-30834F05F43C} = {F70B8D69-E0E1-49C3-9B24-657CB4137BC6}
		{61CEC6C4-F8C2-4B6C-B2CC-47D7E49DE5A1} = {BD72C987-F825-4E67-A689-AB91FAF1572A}
		{21337210-E291-47B4-A62F-32C6CD060C51} = {1EB156D1-F5E0-4A52-94F4-E0131AD3AD2D}
		{1CA49967-D6DE-48DD-AD66-ACAE4D8AC53D} = {1D960C28-7901-4CD7-8A7F-41905731EE23}
	EndGlobalSection
	GlobalSection(ExtensibilityGlobals) = postSolution
		SolutionGuid = {A40A6D7D-E8D4-4F91-9129-FDA374582D06}
	EndGlobalSection
EndGlobal
